
Microsoft Visual Studio Solution File, Format Version 12.00
# Visual Studio 2012
Project("{FAE04EC0-301F-11D3-BF4B-00C04F79EFBC}") = "JkComponents", "JkComponents\JkComponents.csproj", "{13E93594-94A3-4B64-8EEF-13822B2EF3E1}"
EndProject
Global
	GlobalSection(SolutionConfigurationPlatforms) = preSolution
		Debug|Any CPU = Debug|Any CPU
		Release|Any CPU = Release|Any CPU
	EndGlobalSection
	GlobalSection(ProjectConfigurationPlatforms) = postSolution
		{13E93594-94A3-4B64-8EEF-13822B2EF3E1}.Debug|Any CPU.ActiveCfg = Debug|Any CPU
		{13E93594-94A3-4B64-8EEF-13822B2EF3E1}.Debug|Any CPU.Build.0 = Debug|Any CPU
		{13E93594-94A3-4B64-8EEF-13822B2EF3E1}.Release|Any CPU.ActiveCfg = Release|Any CPU
		{13E93594-94A3-4B64-8EEF-13822B2EF3E1}.Release|Any CPU.Build.0 = Release|Any CPU
	EndGlobalSection
	GlobalSection(SolutionProperties) = preSolution
		HideSolutionNode = FALSE
	EndGlobalSection
EndGlobal
